
Microsoft Visual Studio Solution File, Format Version 12.00
# Visual Studio Version 17
VisualStudioVersion = 17.0.31903.59
MinimumVisualStudioVersion = 10.0.40219.1
Project("{2150E333-8FDC-42A3-9474-1A3956D46DE8}") = "src", "src", "{1D69B26C-B69C-4890-8D35-906049FFC89B}"
EndProject
Project("{FAE04EC0-301F-11D3-BF4B-00C04F79EFBC}") = "TMDEmulator", "src\TMDEmulator\TMDEmulator.csproj", "{367E84FB-4B26-4AB7-A1F5-CA69BB5F7C9C}"
EndProject
Project("{2150E333-8FDC-42A3-9474-1A3956D46DE8}") = "tests", "tests", "{4629D0E3-F7FA-4820-BB54-E8076CFCF384}"
EndProject
Project("{FAE04EC0-301F-11D3-BF4B-00C04F79EFBC}") = "TMDEmulator.Tests", "tests\TMDEmulator.Tests\TMDEmulator.Tests.csproj", "{E5DE4C46-4618-49C3-B81D-E321E46B91EB}"
EndProject
Global
	GlobalSection(SolutionConfigurationPlatforms) = preSolution
		Debug|Any CPU = Debug|Any CPU
		Release|Any CPU = Release|Any CPU
	EndGlobalSection
	GlobalSection(SolutionProperties) = preSolution
		HideSolutionNode = FALSE
	EndGlobalSection
	GlobalSection(ProjectConfigurationPlatforms) = postSolution
		{367E84FB-4B26-4AB7-A1F5-CA69BB5F7C9C}.Debug|Any CPU.ActiveCfg = Debug|Any CPU
		{367E84FB-4B26-4AB7-A1F5-CA69BB5F7C9C}.Debug|Any CPU.Build.0 = Debug|Any CPU
		{367E84FB-4B26-4AB7-A1F5-CA69BB5F7C9C}.Release|Any CPU.ActiveCfg = Release|Any CPU
		{367E84FB-4B26-4AB7-A1F5-CA69BB5F7C9C}.Release|Any CPU.Build.0 = Release|Any CPU
		{E5DE4C46-4618-49C3-B81D-E321E46B91EB}.Debug|Any CPU.ActiveCfg = Debug|Any CPU
		{E5DE4C46-4618-49C3-B81D-E321E46B91EB}.Debug|Any CPU.Build.0 = Debug|Any CPU
		{E5DE4C46-4618-49C3-B81D-E321E46B91EB}.Release|Any CPU.ActiveCfg = Release|Any CPU
		{E5DE4C46-4618-49C3-B81D-E321E46B91EB}.Release|Any CPU.Build.0 = Release|Any CPU
	EndGlobalSection
	GlobalSection(NestedProjects) = preSolution
		{367E84FB-4B26-4AB7-A1F5-CA69BB5F7C9C} = {1D69B26C-B69C-4890-8D35-906049FFC89B}
		{E5DE4C46-4618-49C3-B81D-E321E46B91EB} = {4629D0E3-F7FA-4820-BB54-E8076CFCF384}
	EndGlobalSection
EndGlobal
